
Microsoft Visual Studio Solution File, Format Version 12.00
# Visual Studio Version 17
VisualStudioVersion = 17.2.32616.157
MinimumVisualStudioVersion = 10.0.40219.1
Project("{FAE04EC0-301F-11D3-BF4B-00C04F79EFBC}") = "Lab03-01", "..\Lab03-01\Lab03-01.csproj", "{90CE6580-6F07-405C-8FFC-EE83F3161278}"
EndProject
Project("{FAE04EC0-301F-11D3-BF4B-00C04F79EFBC}") = "Lab03-02", "..\Lab03-02\Lab03-02.csproj", "{04353184-850C-449D-8BF2-47CF0E76C666}"
EndProject
Project("{FAE04EC0-301F-11D3-BF4B-00C04F79EFBC}") = "Lab03-03", "Lab03-03\Lab03-03.csproj", "{0092263B-CC57-47D7-86C2-CE25C913EF0B}"
EndProject
Global
	GlobalSection(SolutionConfigurationPlatforms) = preSolution
		Debug|Any CPU = Debug|Any CPU
		Release|Any CPU = Release|Any CPU
	EndGlobalSection
	GlobalSection(ProjectConfigurationPlatforms) = postSolution
		{90CE6580-6F07-405C-8FFC-EE83F3161278}.Debug|Any CPU.ActiveCfg = Debug|Any CPU
		{90CE6580-6F07-405C-8FFC-EE83F3161278}.Debug|Any CPU.Build.0 = Debug|Any CPU
		{90CE6580-6F07-405C-8FFC-EE83F3161278}.Release|Any CPU.ActiveCfg = Release|Any CPU
		{90CE6580-6F07-405C-8FFC-EE83F3161278}.Release|Any CPU.Build.0 = Release|Any CPU
		{04353184-850C-449D-8BF2-47CF0E76C666}.Debug|Any CPU.ActiveCfg = Debug|Any CPU
		{04353184-850C-449D-8BF2-47CF0E76C666}.Debug|Any CPU.Build.0 = Debug|Any CPU
		{04353184-850C-449D-8BF2-47CF0E76C666}.Release|Any CPU.ActiveCfg = Release|Any CPU
		{04353184-850C-449D-8BF2-47CF0E76C666}.Release|Any CPU.Build.0 = Release|Any CPU
		{0092263B-CC57-47D7-86C2-CE25C913EF0B}.Debug|Any CPU.ActiveCfg = Debug|Any CPU
		{0092263B-CC57-47D7-86C2-CE25C913EF0B}.Debug|Any CPU.Build.0 = Debug|Any CPU
		{0092263B-CC57-47D7-86C2-CE25C913EF0B}.Release|Any CPU.ActiveCfg = Release|Any CPU
		{0092263B-CC57-47D7-86C2-CE25C913EF0B}.Release|Any CPU.Build.0 = Release|Any CPU
	EndGlobalSection
	GlobalSection(SolutionProperties) = preSolution
		HideSolutionNode = FALSE
	EndGlobalSection
	GlobalSection(ExtensibilityGlobals) = postSolution
		SolutionGuid = {91EABAA3-9433-423C-94C1-96F038215BC5}
	EndGlobalSection
EndGlobal
